
Microsoft Visual Studio Solution File, Format Version 12.00
# Visual Studio Version 16
VisualStudioVersion = 16.0.33214.272
MinimumVisualStudioVersion = 10.0.40219.1
Project("{FAE04EC0-301F-11D3-BF4B-00C04F79EFBC}") = "Mission07_twoodru8", "Mission07_twoodru8\Mission07_twoodru8.csproj", "{C7D2A441-132E-42E8-812B-6B6A476142A1}"
EndProject
Global
	GlobalSection(SolutionConfigurationPlatforms) = preSolution
		Debug|Any CPU = Debug|Any CPU
		Release|Any CPU = Release|Any CPU
	EndGlobalSection
	GlobalSection(ProjectConfigurationPlatforms) = postSolution
		{C7D2A441-132E-42E8-812B-6B6A476142A1}.Debug|Any CPU.ActiveCfg = Debug|Any CPU
		{C7D2A441-132E-42E8-812B-6B6A476142A1}.Debug|Any CPU.Build.0 = Debug|Any CPU
		{C7D2A441-132E-42E8-812B-6B6A476142A1}.Release|Any CPU.ActiveCfg = Release|Any CPU
		{C7D2A441-132E-42E8-812B-6B6A476142A1}.Release|Any CPU.Build.0 = Release|Any CPU
	EndGlobalSection
	GlobalSection(SolutionProperties) = preSolution
		HideSolutionNode = FALSE
	EndGlobalSection
	GlobalSection(ExtensibilityGlobals) = postSolution
		SolutionGuid = {A5C23128-42A5-4729-9741-68DB3AEC2BF9}
	EndGlobalSection
EndGlobal
